
Microsoft Visual Studio Solution File, Format Version 12.00
# Visual Studio 15
VisualStudioVersion = 15.0.28010.2041
MinimumVisualStudioVersion = 10.0.40219.1
Project("{FAE04EC0-301F-11D3-BF4B-00C04F79EFBC}") = "Correção_Prova", "Correção_Prova\Correção_Prova.csproj", "{4838FCD0-3214-4880-AF30-C8A44AB48CA3}"
EndProject
Global
	GlobalSection(SolutionConfigurationPlatforms) = preSolution
		Debug|Any CPU = Debug|Any CPU
		Release|Any CPU = Release|Any CPU
	EndGlobalSection
	GlobalSection(ProjectConfigurationPlatforms) = postSolution
		{4838FCD0-3214-4880-AF30-C8A44AB48CA3}.Debug|Any CPU.ActiveCfg = Debug|Any CPU
		{4838FCD0-3214-4880-AF30-C8A44AB48CA3}.Debug|Any CPU.Build.0 = Debug|Any CPU
		{4838FCD0-3214-4880-AF30-C8A44AB48CA3}.Release|Any CPU.ActiveCfg = Release|Any CPU
		{4838FCD0-3214-4880-AF30-C8A44AB48CA3}.Release|Any CPU.Build.0 = Release|Any CPU
	EndGlobalSection
	GlobalSection(SolutionProperties) = preSolution
		HideSolutionNode = FALSE
	EndGlobalSection
	GlobalSection(ExtensibilityGlobals) = postSolution
		SolutionGuid = {3BB96573-E39C-43D4-BA65-0C4F30974ACA}
	EndGlobalSection
EndGlobal
